
Microsoft Visual Studio Solution File, Format Version 12.00
# Visual Studio Version 17
VisualStudioVersion = 17.13.35806.99
MinimumVisualStudioVersion = 10.0.40219.1
Project("{FAE04EC0-301F-11D3-BF4B-00C04F79EFBC}") = "MVCBookingIdentity", "MVCBookingIdentity.csproj", "{1E3CAC97-11C3-67F9-1FDB-A0C282883F0C}"
EndProject
Global
	GlobalSection(SolutionConfigurationPlatforms) = preSolution
		Debug|Any CPU = Debug|Any CPU
		Release|Any CPU = Release|Any CPU
	EndGlobalSection
	GlobalSection(ProjectConfigurationPlatforms) = postSolution
		{1E3CAC97-11C3-67F9-1FDB-A0C282883F0C}.Debug|Any CPU.ActiveCfg = Debug|Any CPU
		{1E3CAC97-11C3-67F9-1FDB-A0C282883F0C}.Debug|Any CPU.Build.0 = Debug|Any CPU
		{1E3CAC97-11C3-67F9-1FDB-A0C282883F0C}.Release|Any CPU.ActiveCfg = Release|Any CPU
		{1E3CAC97-11C3-67F9-1FDB-A0C282883F0C}.Release|Any CPU.Build.0 = Release|Any CPU
	EndGlobalSection
	GlobalSection(SolutionProperties) = preSolution
		HideSolutionNode = FALSE
	EndGlobalSection
	GlobalSection(ExtensibilityGlobals) = postSolution
		SolutionGuid = {2F177354-FF65-461E-96B4-98619314E590}
	EndGlobalSection
EndGlobal
